
Microsoft Visual Studio Solution File, Format Version 12.00
# Visual Studio 15
VisualStudioVersion = 15.0.28307.705
MinimumVisualStudioVersion = 10.0.40219.1
Project("{9A19103F-16F7-4668-BE54-9A1E7A4F7556}") = "XH.Core.Api", "XH.Core.Api\XH.Core.Api.csproj", "{2F5E19C5-B034-431F-907D-070411767203}"
EndProject
Project("{9A19103F-16F7-4668-BE54-9A1E7A4F7556}") = "XH.Core.DAL", "XH.Core.DAL\XH.Core.DAL.csproj", "{543062CA-24FD-432D-8EBD-CE063E932A5E}"
EndProject
Project("{9A19103F-16F7-4668-BE54-9A1E7A4F7556}") = "XH.Core.ComHelper", "XH.Core.ComHelper\XH.Core.ComHelper.csproj", "{B8B59C59-B0BB-4010-88E2-16C45DF7B161}"
EndProject
Project("{9A19103F-16F7-4668-BE54-9A1E7A4F7556}") = "XH.Core.Models", "XH.Core.Models\XH.Core.Models.csproj", "{63B1BD85-84CF-4095-8A04-E7038573F5F2}"
EndProject
Project("{FAE04EC0-301F-11D3-BF4B-00C04F79EFBC}") = "XH.Core.IBLL", "XH.Core.IBLL\XH.Core.IBLL.csproj", "{133D8A5D-C29E-45DA-8197-40265FAF55A1}"
EndProject
Global
	GlobalSection(SolutionConfigurationPlatforms) = preSolution
		Debug|Any CPU = Debug|Any CPU
		Release|Any CPU = Release|Any CPU
	EndGlobalSection
	GlobalSection(ProjectConfigurationPlatforms) = postSolution
		{2F5E19C5-B034-431F-907D-070411767203}.Debug|Any CPU.ActiveCfg = Debug|Any CPU
		{2F5E19C5-B034-431F-907D-070411767203}.Debug|Any CPU.Build.0 = Debug|Any CPU
		{2F5E19C5-B034-431F-907D-070411767203}.Release|Any CPU.ActiveCfg = Release|Any CPU
		{2F5E19C5-B034-431F-907D-070411767203}.Release|Any CPU.Build.0 = Release|Any CPU
		{543062CA-24FD-432D-8EBD-CE063E932A5E}.Debug|Any CPU.ActiveCfg = Debug|Any CPU
		{543062CA-24FD-432D-8EBD-CE063E932A5E}.Debug|Any CPU.Build.0 = Debug|Any CPU
		{543062CA-24FD-432D-8EBD-CE063E932A5E}.Release|Any CPU.ActiveCfg = Release|Any CPU
		{543062CA-24FD-432D-8EBD-CE063E932A5E}.Release|Any CPU.Build.0 = Release|Any CPU
		{B8B59C59-B0BB-4010-88E2-16C45DF7B161}.Debug|Any CPU.ActiveCfg = Debug|Any CPU
		{B8B59C59-B0BB-4010-88E2-16C45DF7B161}.Debug|Any CPU.Build.0 = Debug|Any CPU
		{B8B59C59-B0BB-4010-88E2-16C45DF7B161}.Release|Any CPU.ActiveCfg = Release|Any CPU
		{B8B59C59-B0BB-4010-88E2-16C45DF7B161}.Release|Any CPU.Build.0 = Release|Any CPU
		{63B1BD85-84CF-4095-8A04-E7038573F5F2}.Debug|Any CPU.ActiveCfg = Debug|Any CPU
		{63B1BD85-84CF-4095-8A04-E7038573F5F2}.Debug|Any CPU.Build.0 = Debug|Any CPU
		{63B1BD85-84CF-4095-8A04-E7038573F5F2}.Release|Any CPU.ActiveCfg = Release|Any CPU
		{63B1BD85-84CF-4095-8A04-E7038573F5F2}.Release|Any CPU.Build.0 = Release|Any CPU
		{133D8A5D-C29E-45DA-8197-40265FAF55A1}.Debug|Any CPU.ActiveCfg = Debug|Any CPU
		{133D8A5D-C29E-45DA-8197-40265FAF55A1}.Debug|Any CPU.Build.0 = Debug|Any CPU
		{133D8A5D-C29E-45DA-8197-40265FAF55A1}.Release|Any CPU.ActiveCfg = Release|Any CPU
		{133D8A5D-C29E-45DA-8197-40265FAF55A1}.Release|Any CPU.Build.0 = Release|Any CPU
	EndGlobalSection
	GlobalSection(SolutionProperties) = preSolution
		HideSolutionNode = FALSE
	EndGlobalSection
	GlobalSection(ExtensibilityGlobals) = postSolution
		SolutionGuid = {C7CD7386-F623-486A-A845-5BA66DEAA5B1}
	EndGlobalSection
EndGlobal
